// !$*UTF8*$!
{
	archiveVersion = 1;
	classes = {
	};
	objectVersion = 50;
	objects = {

/* Begin PBXBuildFile section */
		586A24A525AE0EDB00819718 /* MemorizeApp.swift in Sources */ = {isa = PBXBuildFile; fileRef = 586A24A425AE0EDB00819718 /* MemorizeApp.swift */; };
		586A24A725AE0EDB00819718 /* EmojiMemoryGameView.swift in Sources */ = {isa = PBXBuildFile; fileRef = 586A24A625AE0EDB00819718 /* EmojiMemoryGameView.swift */; };
		586A24A925AE0EDD00819718 /* Assets.xcassets in Resources */ = {isa = PBXBuildFile; fileRef = 586A24A825AE0EDD00819718 /* Assets.xcassets */; };
		586A24AC25AE0EDD00819718 /* Preview Assets.xcassets in Resources */ = {isa = PBXBuildFile; fileRef = 586A24AB25AE0EDD00819718 /* Preview Assets.xcassets */; };
		586A24B725AE0EDD00819718 /* MemorizeTests.swift in Sources */ = {isa = PBXBuildFile; fileRef = 586A24B625AE0EDD00819718 /* MemorizeTests.swift */; };
		586A24C225AE0EDD00819718 /* MemorizeUITests.swift in Sources */ = {isa = PBXBuildFile; fileRef = 586A24C125AE0EDD00819718 /* MemorizeUITests.swift */; };
		58D600B525B7094C00671722 /* Grid.swift in Sources */ = {isa = PBXBuildFile; fileRef = 58D600B425B7094C00671722 /* Grid.swift */; };
		58D600BA25B70D9C00671722 /* GridLayout.swift in Sources */ = {isa = PBXBuildFile; fileRef = 58D600B925B70D9C00671722 /* GridLayout.swift */; };
		58D600BF25B7138600671722 /* Array+Identifiable.swift in Sources */ = {isa = PBXBuildFile; fileRef = 58D600BE25B7138600671722 /* Array+Identifiable.swift */; };
		58D600C425B7273600671722 /* Array+Only.swift in Sources */ = {isa = PBXBuildFile; fileRef = 58D600C325B7273600671722 /* Array+Only.swift */; };
		58E45B6F25B9AF6100EF3E46 /* HeaderView.swift in Sources */ = {isa = PBXBuildFile; fileRef = 58E45B6E25B9AF6100EF3E46 /* HeaderView.swift */; };
		58E45B7425B9AF9000EF3E46 /* CardView.swift in Sources */ = {isa = PBXBuildFile; fileRef = 58E45B7325B9AF9000EF3E46 /* CardView.swift */; };
		58FB28CF25B208210021752E /* MemoryGame.swift in Sources */ = {isa = PBXBuildFile; fileRef = 58FB28CE25B208210021752E /* MemoryGame.swift */; };
		58FB28D425B209EA0021752E /* EmojiMemoryGame.swift in Sources */ = {isa = PBXBuildFile; fileRef = 58FB28D325B209EA0021752E /* EmojiMemoryGame.swift */; };
		58FC384525B864EF009177B7 /* GameTheme.swift in Sources */ = {isa = PBXBuildFile; fileRef = 58FC384425B864EF009177B7 /* GameTheme.swift */; };
		58FC384D25B87D0A009177B7 /* ThemeSwitcher.swift in Sources */ = {isa = PBXBuildFile; fileRef = 58FC384C25B87D0A009177B7 /* ThemeSwitcher.swift */; };
/* End PBXBuildFile section */

/* Begin PBXContainerItemProxy section */
		586A24B325AE0EDD00819718 /* PBXContainerItemProxy */ = {
			isa = PBXContainerItemProxy;
			containerPortal = 586A249925AE0EDB00819718 /* Project object */;
			proxyType = 1;
			remoteGlobalIDString = 586A24A025AE0EDB00819718;
			remoteInfo = Memorize;
		};
		586A24BE25AE0EDD00819718 /* PBXContainerItemProxy */ = {
			isa = PBXContainerItemProxy;
			containerPortal = 586A249925AE0EDB00819718 /* Project object */;
			proxyType = 1;
			remoteGlobalIDString = 586A24A025AE0EDB00819718;
			remoteInfo = Memorize;
		};
/* End PBXContainerItemProxy section */

/* Begin PBXFileReference section */
		586A24A125AE0EDB00819718 /* Memorize.app */ = {isa = PBXFileReference; explicitFileType = wrapper.application; includeInIndex = 0; path = Memorize.app; sourceTree = BUILT_PRODUCTS_DIR; };
		586A24A425AE0EDB00819718 /* MemorizeApp.swift */ = {isa = PBXFileReference; lastKnownFileType = sourcecode.swift; path = MemorizeApp.swift; sourceTree = "<group>"; };
		586A24A625AE0EDB00819718 /* EmojiMemoryGameView.swift */ = {isa = PBXFileReference; lastKnownFileType = sourcecode.swift; path = EmojiMemoryGameView.swift; sourceTree = "<group>"; };
		586A24A825AE0EDD00819718 /* Assets.xcassets */ = {isa = PBXFileReference; lastKnownFileType = folder.assetcatalog; path = Assets.xcassets; sourceTree = "<group>"; };
		586A24AB25AE0EDD00819718 /* Preview Assets.xcassets */ = {isa = PBXFileReference; lastKnownFileType = folder.assetcatalog; path = "Preview Assets.xcassets"; sourceTree = "<group>"; };
		586A24AD25AE0EDD00819718 /* Info.plist */ = {isa = PBXFileReference; lastKnownFileType = text.plist.xml; path = Info.plist; sourceTree = "<group>"; };
		586A24B225AE0EDD00819718 /* MemorizeTests.xctest */ = {isa = PBXFileReference; explicitFileType = wrapper.cfbundle; includeInIndex = 0; path = MemorizeTests.xctest; sourceTree = BUILT_PRODUCTS_DIR; };
		586A24B625AE0EDD00819718 /* MemorizeTests.swift */ = {isa = PBXFileReference; lastKnownFileType = sourcecode.swift; path = MemorizeTests.swift; sourceTree = "<group>"; };
		586A24B825AE0EDD00819718 /* Info.plist */ = {isa = PBXFileReference; lastKnownFileType = text.plist.xml; path = Info.plist; sourceTree = "<group>"; };
		586A24BD25AE0EDD00819718 /* MemorizeUITests.xctest */ = {isa = PBXFileReference; explicitFileType = wrapper.cfbundle; includeInIndex = 0; path = MemorizeUITests.xctest; sourceTree = BUILT_PRODUCTS_DIR; };
		586A24C125AE0EDD00819718 /* MemorizeUITests.swift */ = {isa = PBXFileReference; lastKnownFileType = sourcecode.swift; path = MemorizeUITests.swift; sourceTree = "<group>"; };
		586A24C325AE0EDD00819718 /* Info.plist */ = {isa = PBXFileReference; lastKnownFileType = text.plist.xml; path = Info.plist; sourceTree = "<group>"; };
		58D600B425B7094C00671722 /* Grid.swift */ = {isa = PBXFileReference; lastKnownFileType = sourcecode.swift; path = Grid.swift; sourceTree = "<group>"; };
		58D600B925B70D9C00671722 /* GridLayout.swift */ = {isa = PBXFileReference; lastKnownFileType = sourcecode.swift; path = GridLayout.swift; sourceTree = "<group>"; };
		58D600BE25B7138600671722 /* Array+Identifiable.swift */ = {isa = PBXFileReference; lastKnownFileType = sourcecode.swift; path = "Array+Identifiable.swift"; sourceTree = "<group>"; };
		58D600C325B7273600671722 /* Array+Only.swift */ = {isa = PBXFileReference; lastKnownFileType = sourcecode.swift; path = "Array+Only.swift"; sourceTree = "<group>"; };
		58E45B6E25B9AF6100EF3E46 /* HeaderView.swift */ = {isa = PBXFileReference; lastKnownFileType = sourcecode.swift; path = HeaderView.swift; sourceTree = "<group>"; };
		58E45B7325B9AF9000EF3E46 /* CardView.swift */ = {isa = PBXFileReference; lastKnownFileType = sourcecode.swift; path = CardView.swift; sourceTree = "<group>"; };
		58FB28CE25B208210021752E /* MemoryGame.swift */ = {isa = PBXFileReference; lastKnownFileType = sourcecode.swift; path = MemoryGame.swift; sourceTree = "<group>"; };
		58FB28D325B209EA0021752E /* EmojiMemoryGame.swift */ = {isa = PBXFileReference; lastKnownFileType = sourcecode.swift; path = EmojiMemoryGame.swift; sourceTree = "<group>"; };
		58FC384425B864EF009177B7 /* GameTheme.swift */ = {isa = PBXFileReference; lastKnownFileType = sourcecode.swift; path = GameTheme.swift; sourceTree = "<group>"; };
		58FC384C25B87D0A009177B7 /* ThemeSwitcher.swift */ = {isa = PBXFileReference; lastKnownFileType = sourcecode.swift; path = ThemeSwitcher.swift; sourceTree = "<group>"; };
/* End PBXFileReference section */

/* Begin PBXFrameworksBuildPhase section */
		586A249E25AE0EDB00819718 /* Frameworks */ = {
			isa = PBXFrameworksBuildPhase;
			buildActionMask = 2147483647;
			files = (
			);
			runOnlyForDeploymentPostprocessing = 0;
		};
		586A24AF25AE0EDD00819718 /* Frameworks */ = {
			isa = PBXFrameworksBuildPhase;
			buildActionMask = 2147483647;
			files = (
			);
			runOnlyForDeploymentPostprocessing = 0;
		};
		586A24BA25AE0EDD00819718 /* Frameworks */ = {
			isa = PBXFrameworksBuildPhase;
			buildActionMask = 2147483647;
			files = (
			);
			runOnlyForDeploymentPostprocessing = 0;
		};
/* End PBXFrameworksBuildPhase section */

/* Begin PBXGroup section */
		586A249825AE0EDB00819718 = {
			isa = PBXGroup;
			children = (
				586A24A325AE0EDB00819718 /* Memorize */,
				586A24B525AE0EDD00819718 /* MemorizeTests */,
				586A24C025AE0EDD00819718 /* MemorizeUITests */,
				586A24A225AE0EDB00819718 /* Products */,
			);
			sourceTree = "<group>";
		};
		586A24A225AE0EDB00819718 /* Products */ = {
			isa = PBXGroup;
			children = (
				586A24A125AE0EDB00819718 /* Memorize.app */,
				586A24B225AE0EDD00819718 /* MemorizeTests.xctest */,
				586A24BD25AE0EDD00819718 /* MemorizeUITests.xctest */,
			);
			name = Products;
			sourceTree = "<group>";
		};
		586A24A325AE0EDB00819718 /* Memorize */ = {
			isa = PBXGroup;
			children = (
				586A24A425AE0EDB00819718 /* MemorizeApp.swift */,
				586A24A625AE0EDB00819718 /* EmojiMemoryGameView.swift */,
				58E45B7325B9AF9000EF3E46 /* CardView.swift */,
				58D600B425B7094C00671722 /* Grid.swift */,
				58D600BE25B7138600671722 /* Array+Identifiable.swift */,
				58D600B925B70D9C00671722 /* GridLayout.swift */,
				58FB28D325B209EA0021752E /* EmojiMemoryGame.swift */,
				58FC384C25B87D0A009177B7 /* ThemeSwitcher.swift */,
				58FB28CE25B208210021752E /* MemoryGame.swift */,
				58D600C325B7273600671722 /* Array+Only.swift */,
				586A24A825AE0EDD00819718 /* Assets.xcassets */,
				586A24AD25AE0EDD00819718 /* Info.plist */,
				586A24AA25AE0EDD00819718 /* Preview Content */,
				58FC384425B864EF009177B7 /* GameTheme.swift */,
				58E45B6E25B9AF6100EF3E46 /* HeaderView.swift */,
			);
			path = Memorize;
			sourceTree = "<group>";
		};
		586A24AA25AE0EDD00819718 /* Preview Content */ = {
			isa = PBXGroup;
			children = (
				586A24AB25AE0EDD00819718 /* Preview Assets.xcassets */,
			);
			path = "Preview Content";
			sourceTree = "<group>";
		};
		586A24B525AE0EDD00819718 /* MemorizeTests */ = {
			isa = PBXGroup;
			children = (
				586A24B625AE0EDD00819718 /* MemorizeTests.swift */,
				586A24B825AE0EDD00819718 /* Info.plist */,
			);
			path = MemorizeTests;
			sourceTree = "<group>";
		};
		586A24C025AE0EDD00819718 /* MemorizeUITests */ = {
			isa = PBXGroup;
			children = (
				586A24C125AE0EDD00819718 /* MemorizeUITests.swift */,
				586A24C325AE0EDD00819718 /* Info.plist */,
			);
			path = MemorizeUITests;
			sourceTree = "<group>";
		};
/* End PBXGroup section */

/* Begin PBXNativeTarget section */
		586A24A025AE0EDB00819718 /* Memorize */ = {
			isa = PBXNativeTarget;
			buildConfigurationList = 586A24C625AE0EDD00819718 /* Build configuration list for PBXNativeTarget "Memorize" */;
			buildPhases = (
				586A249D25AE0EDB00819718 /* Sources */,
				586A249E25AE0EDB00819718 /* Frameworks */,
				586A249F25AE0EDB00819718 /* Resources */,
			);
			buildRules = (
			);
			dependencies = (
			);
			name = Memorize;
			productName = Memorize;
			productReference = 586A24A125AE0EDB00819718 /* Memorize.app */;
			productType = "com.apple.product-type.application";
		};
		586A24B125AE0EDD00819718 /* MemorizeTests */ = {
			isa = PBXNativeTarget;
			buildConfigurationList = 586A24C925AE0EDD00819718 /* Build configuration list for PBXNativeTarget "MemorizeTests" */;
			buildPhases = (
				586A24AE25AE0EDD00819718 /* Sources */,
				586A24AF25AE0EDD00819718 /* Frameworks */,
				586A24B025AE0EDD00819718 /* Resources */,
			);
			buildRules = (
			);
			dependencies = (
				586A24B425AE0EDD00819718 /* PBXTargetDependency */,
			);
			name = MemorizeTests;
			productName = MemorizeTests;
			productReference = 586A24B225AE0EDD00819718 /* MemorizeTests.xctest */;
			productType = "com.apple.product-type.bundle.unit-test";
		};
		586A24BC25AE0EDD00819718 /* MemorizeUITests */ = {
			isa = PBXNativeTarget;
			buildConfigurationList = 586A24CC25AE0EDD00819718 /* Build configuration list for PBXNativeTarget "MemorizeUITests" */;
			buildPhases = (
				586A24B925AE0EDD00819718 /* Sources */,
				586A24BA25AE0EDD00819718 /* Frameworks */,
				586A24BB25AE0EDD00819718 /* Resources */,
			);
			buildRules = (
			);
			dependencies = (
				586A24BF25AE0EDD00819718 /* PBXTargetDependency */,
			);
			name = MemorizeUITests;
			productName = MemorizeUITests;
			productReference = 586A24BD25AE0EDD00819718 /* MemorizeUITests.xctest */;
			productType = "com.apple.product-type.bundle.ui-testing";
		};
/* End PBXNativeTarget section */

/* Begin PBXProject section */
		586A249925AE0EDB00819718 /* Project object */ = {
			isa = PBXProject;
			attributes = {
				LastSwiftUpdateCheck = 1230;
				LastUpgradeCheck = 1230;
				TargetAttributes = {
					586A24A025AE0EDB00819718 = {
						CreatedOnToolsVersion = 12.3;
					};
					586A24B125AE0EDD00819718 = {
						CreatedOnToolsVersion = 12.3;
						TestTargetID = 586A24A025AE0EDB00819718;
					};
					586A24BC25AE0EDD00819718 = {
						CreatedOnToolsVersion = 12.3;
						TestTargetID = 586A24A025AE0EDB00819718;
					};
				};
			};
			buildConfigurationList = 586A249C25AE0EDB00819718 /* Build configuration list for PBXProject "Memorize" */;
			compatibilityVersion = "Xcode 9.3";
			developmentRegion = en;
			hasScannedForEncodings = 0;
			knownRegions = (
				en,
				Base,
			);
			mainGroup = 586A249825AE0EDB00819718;
			productRefGroup = 586A24A225AE0EDB00819718 /* Products */;
			projectDirPath = "";
			projectRoot = "";
			targets = (
				586A24A025AE0EDB00819718 /* Memorize */,
				586A24B125AE0EDD00819718 /* MemorizeTests */,
				586A24BC25AE0EDD00819718 /* MemorizeUITests */,
			);
		};
/* End PBXProject section */

/* Begin PBXResourcesBuildPhase section */
		586A249F25AE0EDB00819718 /* Resources */ = {
			isa = PBXResourcesBuildPhase;
			buildActionMask = 2147483647;
			files = (
				586A24AC25AE0EDD00819718 /* Preview Assets.xcassets in Resources */,
				586A24A925AE0EDD00819718 /* Assets.xcassets in Resources */,
			);
			runOnlyForDeploymentPostprocessing = 0;
		};
		586A24B025AE0EDD00819718 /* Resources */ = {
			isa = PBXResourcesBuildPhase;
			buildActionMask = 2147483647;
			files = (
			);
			runOnlyForDeploymentPostprocessing = 0;
		};
		586A24BB25AE0EDD00819718 /* Resources */ = {
			isa = PBXResourcesBuildPhase;
			buildActionMask = 2147483647;
			files = (
			);
			runOnlyForDeploymentPostprocessing = 0;
		};
/* End PBXResourcesBuildPhase section */

/* Begin PBXSourcesBuildPhase section */
		586A249D25AE0EDB00819718 /* Sources */ = {
			isa = PBXSourcesBuildPhase;
			buildActionMask = 2147483647;
			files = (
				58FC384D25B87D0A009177B7 /* ThemeSwitcher.swift in Sources */,
				58FB28CF25B208210021752E /* MemoryGame.swift in Sources */,
				586A24A725AE0EDB00819718 /* EmojiMemoryGameView.swift in Sources */,
				586A24A525AE0EDB00819718 /* MemorizeApp.swift in Sources */,
				58D600BA25B70D9C00671722 /* GridLayout.swift in Sources */,
				58FC384525B864EF009177B7 /* GameTheme.swift in Sources */,
				58D600B525B7094C00671722 /* Grid.swift in Sources */,
				58E45B6F25B9AF6100EF3E46 /* HeaderView.swift in Sources */,
				58D600BF25B7138600671722 /* Array+Identifiable.swift in Sources */,
				58FB28D425B209EA0021752E /* EmojiMemoryGame.swift in Sources */,
				58E45B7425B9AF9000EF3E46 /* CardView.swift in Sources */,
				58D600C425B7273600671722 /* Array+Only.swift in Sources */,
			);
			runOnlyForDeploymentPostprocessing = 0;
		};
		586A24AE25AE0EDD00819718 /* Sources */ = {
			isa = PBXSourcesBuildPhase;
			buildActionMask = 2147483647;
			files = (
				586A24B725AE0EDD00819718 /* MemorizeTests.swift in Sources */,
			);
			runOnlyForDeploymentPostprocessing = 0;
		};
		586A24B925AE0EDD00819718 /* Sources */ = {
			isa = PBXSourcesBuildPhase;
			buildActionMask = 2147483647;
			files = (
				586A24C225AE0EDD00819718 /* MemorizeUITests.swift in Sources */,
			);
			runOnlyForDeploymentPostprocessing = 0;
		};
/* End PBXSourcesBuildPhase section */

/* Begin PBXTargetDependency section */
		586A24B425AE0EDD00819718 /* PBXTargetDependency */ = {
			isa = PBXTargetDependency;
			target = 586A24A025AE0EDB00819718 /* Memorize */;
			targetProxy = 586A24B325AE0EDD00819718 /* PBXContainerItemProxy */;
		};
		586A24BF25AE0EDD00819718 /* PBXTargetDependency */ = {
			isa = PBXTargetDependency;
			target = 586A24A025AE0EDB00819718 /* Memorize */;
			targetProxy = 586A24BE25AE0EDD00819718 /* PBXContainerItemProxy */;
		};
/* End PBXTargetDependency section */

/* Begin XCBuildConfiguration section */
		586A24C425AE0EDD00819718 /* Debug */ = {
			isa = XCBuildConfiguration;
			buildSettings = {
				ALWAYS_SEARCH_USER_PATHS = NO;
				CLANG_ANALYZER_NONNULL = YES;
				CLANG_ANALYZER_NUMBER_OBJECT_CONVERSION = YES_AGGRESSIVE;
				CLANG_CXX_LANGUAGE_STANDARD = "gnu++14";
				CLANG_CXX_LIBRARY = "libc++";
				CLANG_ENABLE_MODULES = YES;
				CLANG_ENABLE_OBJC_ARC = YES;
				CLANG_ENABLE_OBJC_WEAK = YES;
				CLANG_WARN_BLOCK_CAPTURE_AUTORELEASING = YES;
				CLANG_WARN_BOOL_CONVERSION = YES;
				CLANG_WARN_COMMA = YES;
				CLANG_WARN_CONSTANT_CONVERSION = YES;
				CLANG_WARN_DEPRECATED_OBJC_IMPLEMENTATIONS = YES;
				CLANG_WARN_DIRECT_OBJC_ISA_USAGE = YES_ERROR;
				CLANG_WARN_DOCUMENTATION_COMMENTS = YES;
				CLANG_WARN_EMPTY_BODY = YES;
				CLANG_WARN_ENUM_CONVERSION = YES;
				CLANG_WARN_INFINITE_RECURSION = YES;
				CLANG_WARN_INT_CONVERSION = YES;
				CLANG_WARN_NON_LITERAL_NULL_CONVERSION = YES;
				CLANG_WARN_OBJC_IMPLICIT_RETAIN_SELF = YES;
				CLANG_WARN_OBJC_LITERAL_CONVERSION = YES;
				CLANG_WARN_OBJC_ROOT_CLASS = YES_ERROR;
				CLANG_WARN_QUOTED_INCLUDE_IN_FRAMEWORK_HEADER = YES;
				CLANG_WARN_RANGE_LOOP_ANALYSIS = YES;
				CLANG_WARN_STRICT_PROTOTYPES = YES;
				CLANG_WARN_SUSPICIOUS_MOVE = YES;
				CLANG_WARN_UNGUARDED_AVAILABILITY = YES_AGGRESSIVE;
				CLANG_WARN_UNREACHABLE_CODE = YES;
				CLANG_WARN__DUPLICATE_METHOD_MATCH = YES;
				COPY_PHASE_STRIP = NO;
				DEBUG_INFORMATION_FORMAT = dwarf;
				ENABLE_STRICT_OBJC_MSGSEND = YES;
				ENABLE_TESTABILITY = YES;
				GCC_C_LANGUAGE_STANDARD = gnu11;
				GCC_DYNAMIC_NO_PIC = NO;
				GCC_NO_COMMON_BLOCKS = YES;
				GCC_OPTIMIZATION_LEVEL = 0;
				GCC_PREPROCESSOR_DEFINITIONS = (
					"DEBUG=1",
					"$(inherited)",
				);
				GCC_WARN_64_TO_32_BIT_CONVERSION = YES;
				GCC_WARN_ABOUT_RETURN_TYPE = YES_ERROR;
				GCC_WARN_UNDECLARED_SELECTOR = YES;
				GCC_WARN_UNINITIALIZED_AUTOS = YES_AGGRESSIVE;
				GCC_WARN_UNUSED_FUNCTION = YES;
				GCC_WARN_UNUSED_VARIABLE = YES;
				IPHONEOS_DEPLOYMENT_TARGET = 14.3;
				MTL_ENABLE_DEBUG_INFO = INCLUDE_SOURCE;
				MTL_FAST_MATH = YES;
				ONLY_ACTIVE_ARCH = YES;
				SDKROOT = iphoneos;
				SWIFT_ACTIVE_COMPILATION_CONDITIONS = DEBUG;
				SWIFT_OPTIMIZATION_LEVEL = "-Onone";
			};
			name = Debug;
		};
		586A24C525AE0EDD00819718 /* Release */ = {
			isa = XCBuildConfiguration;
			buildSettings = {
				ALWAYS_SEARCH_USER_PATHS = NO;
				CLANG_ANALYZER_NONNULL = YES;
				CLANG_ANALYZER_NUMBER_OBJECT_CONVERSION = YES_AGGRESSIVE;
				CLANG_CXX_LANGUAGE_STANDARD = "gnu++14";
				CLANG_CXX_LIBRARY = "libc++";
				CLANG_ENABLE_MODULES = YES;
				CLANG_ENABLE_OBJC_ARC = YES;
				CLANG_ENABLE_OBJC_WEAK = YES;
				CLANG_WARN_BLOCK_CAPTURE_AUTORELEASING = YES;
				CLANG_WARN_BOOL_CONVERSION = YES;
				CLANG_WARN_COMMA = YES;
				CLANG_WARN_CONSTANT_CONVERSION = YES;
				CLANG_WARN_DEPRECATED_OBJC_IMPLEMENTATIONS = YES;
				CLANG_WARN_DIRECT_OBJC_ISA_USAGE = YES_ERROR;
				CLANG_WARN_DOCUMENTATION_COMMENTS = YES;
				CLANG_WARN_EMPTY_BODY = YES;
				CLANG_WARN_ENUM_CONVERSION = YES;
				CLANG_WARN_INFINITE_RECURSION = YES;
				CLANG_WARN_INT_CONVERSION = YES;
				CLANG_WARN_NON_LITERAL_NULL_CONVERSION = YES;
				CLANG_WARN_OBJC_IMPLICIT_RETAIN_SELF = YES;
				CLANG_WARN_OBJC_LITERAL_CONVERSION = YES;
				CLANG_WARN_OBJC_ROOT_CLASS = YES_ERROR;
				CLANG_WARN_QUOTED_INCLUDE_IN_FRAMEWORK_HEADER = YES;
				CLANG_WARN_RANGE_LOOP_ANALYSIS = YES;
				CLANG_WARN_STRICT_PROTOTYPES = YES;
				CLANG_WARN_SUSPICIOUS_MOVE = YES;
				CLANG_WARN_UNGUARDED_AVAILABILITY = YES_AGGRESSIVE;
				CLANG_WARN_UNREACHABLE_CODE = YES;
				CLANG_WARN__DUPLICATE_METHOD_MATCH = YES;
				COPY_PHASE_STRIP = NO;
				DEBUG_INFORMATION_FORMAT = "dwarf-with-dsym";
				ENABLE_NS_ASSERTIONS = NO;
				ENABLE_STRICT_OBJC_MSGSEND = YES;
				GCC_C_LANGUAGE_STANDARD = gnu11;
				GCC_NO_COMMON_BLOCKS = YES;
				GCC_WARN_64_TO_32_BIT_CONVERSION = YES;
				GCC_WARN_ABOUT_RETURN_TYPE = YES_ERROR;
				GCC_WARN_UNDECLARED_SELECTOR = YES;
				GCC_WARN_UNINITIALIZED_AUTOS = YES_AGGRESSIVE;
				GCC_WARN_UNUSED_FUNCTION = YES;
				GCC_WARN_UNUSED_VARIABLE = YES;
				IPHONEOS_DEPLOYMENT_TARGET = 14.3;
				MTL_ENABLE_DEBUG_INFO = NO;
				MTL_FAST_MATH = YES;
				SDKROOT = iphoneos;
				SWIFT_COMPILATION_MODE = wholemodule;
				SWIFT_OPTIMIZATION_LEVEL = "-O";
				VALIDATE_PRODUCT = YES;
			};
			name = Release;
		};
		586A24C725AE0EDD00819718 /* Debug */ = {
			isa = XCBuildConfiguration;
			buildSettings = {
				ASSETCATALOG_COMPILER_APPICON_NAME = AppIcon;
				ASSETCATALOG_COMPILER_GLOBAL_ACCENT_COLOR_NAME = AccentColor;
				CODE_SIGN_STYLE = Automatic;
				DEVELOPMENT_ASSET_PATHS = "\"Memorize/Preview Content\"";
				ENABLE_PREVIEWS = YES;
				INFOPLIST_FILE = Memorize/Info.plist;
				IPHONEOS_DEPLOYMENT_TARGET = 14.0;
				LD_RUNPATH_SEARCH_PATHS = (
					"$(inherited)",
					"@executable_path/Frameworks",
				);
				PRODUCT_BUNDLE_IDENTIFIER = My.Memorize;
				PRODUCT_NAME = "$(TARGET_NAME)";
				SWIFT_VERSION = 5.0;
				TARGETED_DEVICE_FAMILY = "1,2";
			};
			name = Debug;
		};
		586A24C825AE0EDD00819718 /* Release */ = {
			isa = XCBuildConfiguration;
			buildSettings = {
				ASSETCATALOG_COMPILER_APPICON_NAME = AppIcon;
				ASSETCATALOG_COMPILER_GLOBAL_ACCENT_COLOR_NAME = AccentColor;
				CODE_SIGN_STYLE = Automatic;
				DEVELOPMENT_ASSET_PATHS = "\"Memorize/Preview Content\"";
				ENABLE_PREVIEWS = YES;
				INFOPLIST_FILE = Memorize/Info.plist;
				IPHONEOS_DEPLOYMENT_TARGET = 14.0;
				LD_RUNPATH_SEARCH_PATHS = (
					"$(inherited)",
					"@executable_path/Frameworks",
				);
				PRODUCT_BUNDLE_IDENTIFIER = My.Memorize;
				PRODUCT_NAME = "$(TARGET_NAME)";
				SWIFT_VERSION = 5.0;
				TARGETED_DEVICE_FAMILY = "1,2";
			};
			name = Release;
		};
		586A24CA25AE0EDD00819718 /* Debug */ = {
			isa = XCBuildConfiguration;
			buildSettings = {
				ALWAYS_EMBED_SWIFT_STANDARD_LIBRARIES = YES;
				BUNDLE_LOADER = "$(TEST_HOST)";
				CODE_SIGN_STYLE = Automatic;
				INFOPLIST_FILE = MemorizeTests/Info.plist;
				IPHONEOS_DEPLOYMENT_TARGET = 14.0;
				LD_RUNPATH_SEARCH_PATHS = (
					"$(inherited)",
					"@executable_path/Frameworks",
					"@loader_path/Frameworks",
				);
				PRODUCT_BUNDLE_IDENTIFIER = My.MemorizeTests;
				PRODUCT_NAME = "$(TARGET_NAME)";
				SWIFT_VERSION = 5.0;
				TARGETED_DEVICE_FAMILY = "1,2";
				TEST_HOST = "$(BUILT_PRODUCTS_DIR)/Memorize.app/Memorize";
			};
			name = Debug;
		};
		586A24CB25AE0EDD00819718 /* Release */ = {
			isa = XCBuildConfiguration;
			buildSettings = {
				ALWAYS_EMBED_SWIFT_STANDARD_LIBRARIES = YES;
				BUNDLE_LOADER = "$(TEST_HOST)";
				CODE_SIGN_STYLE = Automatic;
				INFOPLIST_FILE = MemorizeTests/Info.plist;
				IPHONEOS_DEPLOYMENT_TARGET = 14.0;
				LD_RUNPATH_SEARCH_PATHS = (
					"$(inherited)",
					"@executable_path/Frameworks",
					"@loader_path/Frameworks",
				);
				PRODUCT_BUNDLE_IDENTIFIER = My.MemorizeTests;
				PRODUCT_NAME = "$(TARGET_NAME)";
				SWIFT_VERSION = 5.0;
				TARGETED_DEVICE_FAMILY = "1,2";
				TEST_HOST = "$(BUILT_PRODUCTS_DIR)/Memorize.app/Memorize";
			};
			name = Release;
		};
		586A24CD25AE0EDD00819718 /* Debug */ = {
			isa = XCBuildConfiguration;
			buildSettings = {
				ALWAYS_EMBED_SWIFT_STANDARD_LIBRARIES = YES;
				CODE_SIGN_STYLE = Automatic;
				INFOPLIST_FILE = MemorizeUITests/Info.plist;
				LD_RUNPATH_SEARCH_PATHS = (
					"$(inherited)",
					"@executable_path/Frameworks",
					"@loader_path/Frameworks",
				);
				PRODUCT_BUNDLE_IDENTIFIER = My.MemorizeUITests;
				PRODUCT_NAME = "$(TARGET_NAME)";
				SWIFT_VERSION = 5.0;
				TARGETED_DEVICE_FAMILY = "1,2";
				TEST_TARGET_NAME = Memorize;
			};
			name = Debug;
		};
		586A24CE25AE0EDD00819718 /* Release */ = {
			isa = XCBuildConfiguration;
			buildSettings = {
				ALWAYS_EMBED_SWIFT_STANDARD_LIBRARIES = YES;
				CODE_SIGN_STYLE = Automatic;
				INFOPLIST_FILE = MemorizeUITests/Info.plist;
				LD_RUNPATH_SEARCH_PATHS = (
					"$(inherited)",
					"@executable_path/Frameworks",
					"@loader_path/Frameworks",
				);
				PRODUCT_BUNDLE_IDENTIFIER = My.MemorizeUITests;
				PRODUCT_NAME = "$(TARGET_NAME)";
				SWIFT_VERSION = 5.0;
				TARGETED_DEVICE_FAMILY = "1,2";
				TEST_TARGET_NAME = Memorize;
			};
			name = Release;
		};
/* End XCBuildConfiguration section */

/* Begin XCConfigurationList section */
		586A249C25AE0EDB00819718 /* Build configuration list for PBXProject "Memorize" */ = {
			isa = XCConfigurationList;
			buildConfigurations = (
				586A24C425AE0EDD00819718 /* Debug */,
				586A24C525AE0EDD00819718 /* Release */,
			);
			defaultConfigurationIsVisible = 0;
			defaultConfigurationName = Release;
		};
		586A24C625AE0EDD00819718 /* Build configuration list for PBXNativeTarget "Memorize" */ = {
			isa = XCConfigurationList;
			buildConfigurations = (
				586A24C725AE0EDD00819718 /* Debug */,
				586A24C825AE0EDD00819718 /* Release */,
			);
			defaultConfigurationIsVisible = 0;
			defaultConfigurationName = Release;
		};
		586A24C925AE0EDD00819718 /* Build configuration list for PBXNativeTarget "MemorizeTests" */ = {
			isa = XCConfigurationList;
			buildConfigurations = (
				586A24CA25AE0EDD00819718 /* Debug */,
				586A24CB25AE0EDD00819718 /* Release */,
			);
			defaultConfigurationIsVisible = 0;
			defaultConfigurationName = Release;
		};
		586A24CC25AE0EDD00819718 /* Build configuration list for PBXNativeTarget "MemorizeUITests" */ = {
			isa = XCConfigurationList;
			buildConfigurations = (
				586A24CD25AE0EDD00819718 /* Debug */,
				586A24CE25AE0EDD00819718 /* Release */,
			);
			defaultConfigurationIsVisible = 0;
			defaultConfigurationName = Release;
		};
/* End XCConfigurationList section */
	};
	rootObject = 586A249925AE0EDB00819718 /* Project object */;
}
